github.com/google/uuid v1.6.0 h1:NIvaJDMOsjHA8n1jAhLSgzrAzy1Hgr+hNrb57e+94F0=
github.com/google/uuid v1.6.0/go.mod h1:TIyPZe4MgqvfeYDBFedMoGGpEw/LqOeaOT+nhxU+yHo=
github.com/issue9/assert/v4 v4.1.1 h1:OhPE8SB8n/qZCNGLQa+6MQtr/B3oON0JAVj68k8jJlc=
github.com/issue9/assert/v4 v4.1.1/go.mod h1:v7qDRXi7AsaZZNh8eAK2rkLJg5/clztqQGA1DRv9Lv4=
github.com/issue9/cache v0.10.0 h1:pgw4kbAFUeUu9pOKcNSdc+BhhXwdRFzjwAvWAX2BWHc=
github.com/issue9/cache v0.10.0/go.mod h1:0s9j7qiKv4uWYqz0D2N2H7bIBvmtD+903h5GqnxW6i4=
github.com/issue9/config v0.6.2 h1:znXvsk6gh0wm+fTEn0zUjjramKuOLY8Jt0ZTxp4GIkc=
github.com/issue9/config v0.6.2/go.mod h1:S97FVtZim4rPB+M49EoOuBajaqY4ULQbqltZmZ99+Dc=
github.com/issue9/errwrap v0.3.2 h1:7KEme9Pfe75M+sIMcPCn/DV90wjnOcRbO4DXVAHj3Fw=
github.com/issue9/errwrap v0.3.2/go.mod h1:KcCLuUGiffjooLCUjL89r1cyO8/HT/VRcQrneO53N3A=
github.com/issue9/localeutil v0.26.5 h1:e78b6cOOtgzfb4g4U9uPLC8QyK6Lux+s7ZiQe+6iM1A=
github.com/issue9/localeutil v0.26.5/go.mod h1:BJXJwcAT9CyyVZOlqfmq+B5FcPbqGxGjYnTYbVuiMM8=
github.com/issue9/scheduled v0.19.3 h1:hI/8gh1SMH62inPVsrZazRBxc91RQT/YbnWr1S9se08=
github.com/issue9/scheduled v0.19.3/go.mod h1:4OTuwC3QMRJLGRV8ImmRS2bqX58bDjKi2OAuzHcgJuQ=
github.com/issue9/version v1.0.8 h1:IsNdDYdV8UGDGwwgp8H4RszJE0Ko26HjWg9pZzyOivs=
github.com/issue9/version v1.0.8/go.mod h1:w8bQwODBOG5+iaS3qIJbElxxpp3Uo4x5F39qKBqwpdc=
github.com/issue9/web v0.87.7 h1:Z2EUzAs/84x3EFZr7EuTxnlXcHE1X2of67eIq+7vfaE=
github.com/issue9/web v0.87.7/go.mod h1:6RK59GaungHYQgTx4WDSSE0O9GJTT4RynhXgiQnPzJo=
golang.org/x/text v0.14.0 h1:ScX5w1eTa3QqT8oi6+ziP7dTV1S2+ALU0bI+0zXKWiQ=
golang.org/x/text v0.14.0/go.mod h1:18ZOQIKpY8NJVqYksKHtTdi31H5itFRjB5/qKTNYzSU=
