github.com/issue9/assert/v4 v4.1.1 h1:OhPE8SB8n/qZCNGLQa+6MQtr/B3oON0JAVj68k8jJlc=
github.com/issue9/assert/v4 v4.1.1/go.mod h1:v7qDRXi7AsaZZNh8eAK2rkLJg5/clztqQGA1DRv9Lv4=
github.com/issue9/cache v0.9.2 h1:tMvXPhGKBXbSIMHi5qzsdwmQjf7qGYBo1W/LLTDHw9s=
github.com/issue9/cache v0.9.2/go.mod h1:gFTzhzGGAc6Dpon9fbWtJNCjeG3QiLs+bFc8j5z98Qg=
github.com/issue9/config v0.6.2 h1:znXvsk6gh0wm+fTEn0zUjjramKuOLY8Jt0ZTxp4GIkc=
github.com/issue9/config v0.6.2/go.mod h1:S97FVtZim4rPB+M49EoOuBajaqY4ULQbqltZmZ99+Dc=
github.com/issue9/localeutil v0.26.5 h1:e78b6cOOtgzfb4g4U9uPLC8QyK6Lux+s7ZiQe+6iM1A=
github.com/issue9/localeutil v0.26.5/go.mod h1:BJXJwcAT9CyyVZOlqfmq+B5FcPbqGxGjYnTYbVuiMM8=
github.com/issue9/scheduled v0.19.3 h1:hI/8gh1SMH62inPVsrZazRBxc91RQT/YbnWr1S9se08=
github.com/issue9/scheduled v0.19.3/go.mod h1:4OTuwC3QMRJLGRV8ImmRS2bqX58bDjKi2OAuzHcgJuQ=
github.com/issue9/web v0.87.4 h1:BD6+ZjSCnlYS6G8j0xOJxmjsHkhaOAPP0Oe5OW3z+3M=
github.com/issue9/web v0.87.4/go.mod h1:5nkr+8J/LD1WAyjA/4gmWgi3IOxRV37cR6c3EJ062b8=
golang.org/x/text v0.14.0 h1:ScX5w1eTa3QqT8oi6+ziP7dTV1S2+ALU0bI+0zXKWiQ=
golang.org/x/text v0.14.0/go.mod h1:18ZOQIKpY8NJVqYksKHtTdi31H5itFRjB5/qKTNYzSU=
