github.com/issue9/assert/v3 v3.0.5 h1:Mlz/4v2Ph6ZDm3Fk3A1jhitH4M/2dkHeHNKe7tTZdH8=
github.com/issue9/assert/v3 v3.0.5/go.mod h1:yft/uaskRpwQTyBT3n1zRl91SR1wNlO4fLZHzOa4bdM=
github.com/issue9/localeutil v0.21.0 h1:Rux+bvLjtACLE7b8IQfhdFlSan7q1vlqPvtZAoXqeE4=
github.com/issue9/localeutil v0.21.0/go.mod h1:BPFpEzm1xeeO4qpJ/M9ixj7FPXGcE32z63gqlVzv1bk=
github.com/issue9/sliceutil v0.14.0 h1:5jVgAW7oLxmCo9r1QrTcXNQ7g7/yjqbNnFLsI2eV/tY=
github.com/issue9/sliceutil v0.14.0/go.mod h1:n9meV7AamDhmehOBuV4GrxW3yw7O1cZmLx3Xizg1bps=
github.com/issue9/web v0.79.5 h1:RJQyPLVG4JeU7ZwQA+Qs7h595au1+e2MnQeEszniYlQ=
github.com/issue9/web v0.79.5/go.mod h1:8nnEksCm2z3DsYs9o3HNB4WmBNaHyWUOWQZGHVSABSI=
golang.org/x/text v0.12.0 h1:k+n5B8goJNdU7hSvEtMUz3d1Q6D/XW4COJSJR6fN0mc=
golang.org/x/text v0.12.0/go.mod h1:TvPlkZtksWOMsz7fbANvkp4WM8x/WCo/om8BMLbz+aE=
